
Microsoft Visual Studio Solution File, Format Version 12.00
# Visual Studio Version 17
VisualStudioVersion = 17.2.32516.85
MinimumVisualStudioVersion = 10.0.40219.1
Project("{FAE04EC0-301F-11D3-BF4B-00C04F79EFBC}") = "Tic Tac Toe", "Tic Tac Toe.csproj", "{F3CCDCD3-358A-4362-8591-D0DEC78C17EF}"
EndProject
Global
	GlobalSection(SolutionConfigurationPlatforms) = preSolution
		Debug|Any CPU = Debug|Any CPU
		Release|Any CPU = Release|Any CPU
	EndGlobalSection
	GlobalSection(ProjectConfigurationPlatforms) = postSolution
		{F3CCDCD3-358A-4362-8591-D0DEC78C17EF}.Debug|Any CPU.ActiveCfg = Debug|Any CPU
		{F3CCDCD3-358A-4362-8591-D0DEC78C17EF}.Debug|Any CPU.Build.0 = Debug|Any CPU
		{F3CCDCD3-358A-4362-8591-D0DEC78C17EF}.Release|Any CPU.ActiveCfg = Release|Any CPU
		{F3CCDCD3-358A-4362-8591-D0DEC78C17EF}.Release|Any CPU.Build.0 = Release|Any CPU
	EndGlobalSection
	GlobalSection(SolutionProperties) = preSolution
		HideSolutionNode = FALSE
	EndGlobalSection
	GlobalSection(ExtensibilityGlobals) = postSolution
		SolutionGuid = {70686836-FCCF-462A-89AF-E6251635CF8B}
	EndGlobalSection
EndGlobal
